
Microsoft Visual Studio Solution File, Format Version 12.00
# Visual Studio Version 16
VisualStudioVersion = 16.0.28803.352
MinimumVisualStudioVersion = 10.0.40219.1
Project("{FAE04EC0-301F-11D3-BF4B-00C04F79EFBC}") = "CodeBreaker", "CodeBreaker\CodeBreaker.csproj", "{02188981-6D00-4591-927D-73EAD1724DEA}"
EndProject
Project("{FAE04EC0-301F-11D3-BF4B-00C04F79EFBC}") = "GPUBinaryTest", "GPUBinaryTest\GPUBinaryTest.csproj", "{92B59A2F-0973-48C1-85E1-8A2CBA9FD279}"
EndProject
Global
	GlobalSection(SolutionConfigurationPlatforms) = preSolution
		Debug|Any CPU = Debug|Any CPU
		Debug|x64 = Debug|x64
		Release|Any CPU = Release|Any CPU
		Release|x64 = Release|x64
	EndGlobalSection
	GlobalSection(ProjectConfigurationPlatforms) = postSolution
		{02188981-6D00-4591-927D-73EAD1724DEA}.Debug|Any CPU.ActiveCfg = Debug|Any CPU
		{02188981-6D00-4591-927D-73EAD1724DEA}.Debug|Any CPU.Build.0 = Debug|Any CPU
		{02188981-6D00-4591-927D-73EAD1724DEA}.Debug|x64.ActiveCfg = Debug|x64
		{02188981-6D00-4591-927D-73EAD1724DEA}.Debug|x64.Build.0 = Debug|x64
		{02188981-6D00-4591-927D-73EAD1724DEA}.Release|Any CPU.ActiveCfg = Release|Any CPU
		{02188981-6D00-4591-927D-73EAD1724DEA}.Release|Any CPU.Build.0 = Release|Any CPU
		{02188981-6D00-4591-927D-73EAD1724DEA}.Release|x64.ActiveCfg = Release|x64
		{02188981-6D00-4591-927D-73EAD1724DEA}.Release|x64.Build.0 = Release|x64
		{92B59A2F-0973-48C1-85E1-8A2CBA9FD279}.Debug|Any CPU.ActiveCfg = Debug|Any CPU
		{92B59A2F-0973-48C1-85E1-8A2CBA9FD279}.Debug|Any CPU.Build.0 = Debug|Any CPU
		{92B59A2F-0973-48C1-85E1-8A2CBA9FD279}.Debug|x64.ActiveCfg = Debug|Any CPU
		{92B59A2F-0973-48C1-85E1-8A2CBA9FD279}.Debug|x64.Build.0 = Debug|Any CPU
		{92B59A2F-0973-48C1-85E1-8A2CBA9FD279}.Release|Any CPU.ActiveCfg = Release|Any CPU
		{92B59A2F-0973-48C1-85E1-8A2CBA9FD279}.Release|Any CPU.Build.0 = Release|Any CPU
		{92B59A2F-0973-48C1-85E1-8A2CBA9FD279}.Release|x64.ActiveCfg = Release|Any CPU
		{92B59A2F-0973-48C1-85E1-8A2CBA9FD279}.Release|x64.Build.0 = Release|Any CPU
	EndGlobalSection
	GlobalSection(SolutionProperties) = preSolution
		HideSolutionNode = FALSE
	EndGlobalSection
	GlobalSection(ExtensibilityGlobals) = postSolution
		SolutionGuid = {34B72015-ED27-446E-B4F6-A5E1C83302C4}
	EndGlobalSection
EndGlobal
